# THIS IS AN AUTOGENERATED FILE. DO NOT EDIT THIS FILE DIRECTLY.
# yarn lockfile v1


cluster@^0.7.7:
  version "0.7.7"
  resolved "http://r.cnpmjs.org/cluster/download/cluster-0.7.7.tgz#e497e267cc956bd0b0513adb4aa393357d0085ef"
  dependencies:
    log ">= 1.2.0"
    mkdirp ">= 0.0.1"

http@^0.0.0:
  version "0.0.0"
  resolved "http://r.cnpmjs.org/http/download/http-0.0.0.tgz#86e6326d29c5d039de9fac584a45689f929f4f72"

"log@>= 1.2.0":
  version "1.4.0"
  resolved "http://r.cnpmjs.org/log/download/log-1.4.0.tgz#4ba1d890fde249b031dca03bc37eaaf325656f1c"

minimist@0.0.8:
  version "0.0.8"
  resolved "http://r.cnpmjs.org/minimist/download/minimist-0.0.8.tgz#857fcabfc3397d2625b8228262e86aa7a011b05d"

"mkdirp@>= 0.0.1":
  version "0.5.1"
  resolved "http://r.cnpmjs.org/mkdirp/download/mkdirp-0.5.1.tgz#30057438eac6cf7f8c4767f38648d6697d75c903"
  dependencies:
    minimist "0.0.8"

os@^0.1.1:
  version "0.1.1"
  resolved "http://r.cnpmjs.org/os/download/os-0.1.1.tgz#208845e89e193ad4d971474b93947736a56d13f3"
